
Microsoft Visual Studio Solution File, Format Version 12.00
# Visual Studio Version 17
VisualStudioVersion = 17.1.32228.430
MinimumVisualStudioVersion = 10.0.40219.1
Project("{8BC9CEB8-8B4A-11D0-8D11-00A0C91BC942}") = "Linked list basic", "Linked list basic\Linked list basic.vcxproj", "{1EF6FC37-677A-425F-9419-2A422860B12B}"
EndProject
Global
	GlobalSection(SolutionConfigurationPlatforms) = preSolution
		Debug|x64 = Debug|x64
		Debug|x86 = Debug|x86
		Release|x64 = Release|x64
		Release|x86 = Release|x86
	EndGlobalSection
	GlobalSection(ProjectConfigurationPlatforms) = postSolution
		{1EF6FC37-677A-425F-9419-2A422860B12B}.Debug|x64.ActiveCfg = Debug|x64
		{1EF6FC37-677A-425F-9419-2A422860B12B}.Debug|x64.Build.0 = Debug|x64
		{1EF6FC37-677A-425F-9419-2A422860B12B}.Debug|x86.ActiveCfg = Debug|Win32
		{1EF6FC37-677A-425F-9419-2A422860B12B}.Debug|x86.Build.0 = Debug|Win32
		{1EF6FC37-677A-425F-9419-2A422860B12B}.Release|x64.ActiveCfg = Release|x64
		{1EF6FC37-677A-425F-9419-2A422860B12B}.Release|x64.Build.0 = Release|x64
		{1EF6FC37-677A-425F-9419-2A422860B12B}.Release|x86.ActiveCfg = Release|Win32
		{1EF6FC37-677A-425F-9419-2A422860B12B}.Release|x86.Build.0 = Release|Win32
	EndGlobalSection
	GlobalSection(SolutionProperties) = preSolution
		HideSolutionNode = FALSE
	EndGlobalSection
	GlobalSection(ExtensibilityGlobals) = postSolution
		SolutionGuid = {E10B987A-B58E-40CC-8E81-D9C1D9E11051}
	EndGlobalSection
EndGlobal
