
Microsoft Visual Studio Solution File, Format Version 12.00
# Visual Studio Version 17
VisualStudioVersion = 17.2.32630.192
MinimumVisualStudioVersion = 10.0.40219.1
Project("{8BC9CEB8-8B4A-11D0-8D11-00A0C91BC942}") = "Infix to post fix using stack with more precision", "Infix to post fix using stack with more precision\Infix to post fix using stack with more precision.vcxproj", "{D1DA555B-92DB-44DB-A4DC-05F18144A8A6}"
EndProject
Global
	GlobalSection(SolutionConfigurationPlatforms) = preSolution
		Debug|x64 = Debug|x64
		Debug|x86 = Debug|x86
		Release|x64 = Release|x64
		Release|x86 = Release|x86
	EndGlobalSection
	GlobalSection(ProjectConfigurationPlatforms) = postSolution
		{D1DA555B-92DB-44DB-A4DC-05F18144A8A6}.Debug|x64.ActiveCfg = Debug|x64
		{D1DA555B-92DB-44DB-A4DC-05F18144A8A6}.Debug|x64.Build.0 = Debug|x64
		{D1DA555B-92DB-44DB-A4DC-05F18144A8A6}.Debug|x86.ActiveCfg = Debug|Win32
		{D1DA555B-92DB-44DB-A4DC-05F18144A8A6}.Debug|x86.Build.0 = Debug|Win32
		{D1DA555B-92DB-44DB-A4DC-05F18144A8A6}.Release|x64.ActiveCfg = Release|x64
		{D1DA555B-92DB-44DB-A4DC-05F18144A8A6}.Release|x64.Build.0 = Release|x64
		{D1DA555B-92DB-44DB-A4DC-05F18144A8A6}.Release|x86.ActiveCfg = Release|Win32
		{D1DA555B-92DB-44DB-A4DC-05F18144A8A6}.Release|x86.Build.0 = Release|Win32
	EndGlobalSection
	GlobalSection(SolutionProperties) = preSolution
		HideSolutionNode = FALSE
	EndGlobalSection
	GlobalSection(ExtensibilityGlobals) = postSolution
		SolutionGuid = {F58AFD40-E2C7-41FC-BF5B-4001B8BD5C91}
	EndGlobalSection
EndGlobal
