
Microsoft Visual Studio Solution File, Format Version 12.00
# Visual Studio Version 17
VisualStudioVersion = 17.1.32228.430
MinimumVisualStudioVersion = 10.0.40219.1
Project("{8BC9CEB8-8B4A-11D0-8D11-00A0C91BC942}") = "MOre about Linked list Creating template for Node also", "MOre about Linked list Creating template for Node also\MOre about Linked list Creating template for Node also.vcxproj", "{749DDCCD-57D0-4BE3-8DC4-DB1D114024F5}"
EndProject
Global
	GlobalSection(SolutionConfigurationPlatforms) = preSolution
		Debug|x64 = Debug|x64
		Debug|x86 = Debug|x86
		Release|x64 = Release|x64
		Release|x86 = Release|x86
	EndGlobalSection
	GlobalSection(ProjectConfigurationPlatforms) = postSolution
		{749DDCCD-57D0-4BE3-8DC4-DB1D114024F5}.Debug|x64.ActiveCfg = Debug|x64
		{749DDCCD-57D0-4BE3-8DC4-DB1D114024F5}.Debug|x64.Build.0 = Debug|x64
		{749DDCCD-57D0-4BE3-8DC4-DB1D114024F5}.Debug|x86.ActiveCfg = Debug|Win32
		{749DDCCD-57D0-4BE3-8DC4-DB1D114024F5}.Debug|x86.Build.0 = Debug|Win32
		{749DDCCD-57D0-4BE3-8DC4-DB1D114024F5}.Release|x64.ActiveCfg = Release|x64
		{749DDCCD-57D0-4BE3-8DC4-DB1D114024F5}.Release|x64.Build.0 = Release|x64
		{749DDCCD-57D0-4BE3-8DC4-DB1D114024F5}.Release|x86.ActiveCfg = Release|Win32
		{749DDCCD-57D0-4BE3-8DC4-DB1D114024F5}.Release|x86.Build.0 = Release|Win32
	EndGlobalSection
	GlobalSection(SolutionProperties) = preSolution
		HideSolutionNode = FALSE
	EndGlobalSection
	GlobalSection(ExtensibilityGlobals) = postSolution
		SolutionGuid = {CD3892F0-1691-4DAE-BDDD-0A3C5D3C9F57}
	EndGlobalSection
EndGlobal
