
Microsoft Visual Studio Solution File, Format Version 12.00
# Visual Studio Version 17
VisualStudioVersion = 17.2.32630.192
MinimumVisualStudioVersion = 10.0.40219.1
Project("{8BC9CEB8-8B4A-11D0-8D11-00A0C91BC942}") = "Infix to postFix Without Brackets", "Infix to postFix Without Brackets\Infix to postFix Without Brackets.vcxproj", "{CECCA8D2-634B-4DEC-BDB9-90B678509DBA}"
EndProject
Global
	GlobalSection(SolutionConfigurationPlatforms) = preSolution
		Debug|x64 = Debug|x64
		Debug|x86 = Debug|x86
		Release|x64 = Release|x64
		Release|x86 = Release|x86
	EndGlobalSection
	GlobalSection(ProjectConfigurationPlatforms) = postSolution
		{CECCA8D2-634B-4DEC-BDB9-90B678509DBA}.Debug|x64.ActiveCfg = Debug|x64
		{CECCA8D2-634B-4DEC-BDB9-90B678509DBA}.Debug|x64.Build.0 = Debug|x64
		{CECCA8D2-634B-4DEC-BDB9-90B678509DBA}.Debug|x86.ActiveCfg = Debug|Win32
		{CECCA8D2-634B-4DEC-BDB9-90B678509DBA}.Debug|x86.Build.0 = Debug|Win32
		{CECCA8D2-634B-4DEC-BDB9-90B678509DBA}.Release|x64.ActiveCfg = Release|x64
		{CECCA8D2-634B-4DEC-BDB9-90B678509DBA}.Release|x64.Build.0 = Release|x64
		{CECCA8D2-634B-4DEC-BDB9-90B678509DBA}.Release|x86.ActiveCfg = Release|Win32
		{CECCA8D2-634B-4DEC-BDB9-90B678509DBA}.Release|x86.Build.0 = Release|Win32
	EndGlobalSection
	GlobalSection(SolutionProperties) = preSolution
		HideSolutionNode = FALSE
	EndGlobalSection
	GlobalSection(ExtensibilityGlobals) = postSolution
		SolutionGuid = {915756FD-537C-4759-8F4C-9B6F9F8626CB}
	EndGlobalSection
EndGlobal
