
Microsoft Visual Studio Solution File, Format Version 12.00
# Visual Studio Version 17
VisualStudioVersion = 17.1.32228.430
MinimumVisualStudioVersion = 10.0.40219.1
Project("{8BC9CEB8-8B4A-11D0-8D11-00A0C91BC942}") = "psotincheemnt ++ and -- operator", "psotincheemnt ++ and -- operator\psotincheemnt ++ and -- operator.vcxproj", "{112C6B8C-E193-448D-8B0C-87D21FDD74C8}"
EndProject
Global
	GlobalSection(SolutionConfigurationPlatforms) = preSolution
		Debug|x64 = Debug|x64
		Debug|x86 = Debug|x86
		Release|x64 = Release|x64
		Release|x86 = Release|x86
	EndGlobalSection
	GlobalSection(ProjectConfigurationPlatforms) = postSolution
		{112C6B8C-E193-448D-8B0C-87D21FDD74C8}.Debug|x64.ActiveCfg = Debug|x64
		{112C6B8C-E193-448D-8B0C-87D21FDD74C8}.Debug|x64.Build.0 = Debug|x64
		{112C6B8C-E193-448D-8B0C-87D21FDD74C8}.Debug|x86.ActiveCfg = Debug|Win32
		{112C6B8C-E193-448D-8B0C-87D21FDD74C8}.Debug|x86.Build.0 = Debug|Win32
		{112C6B8C-E193-448D-8B0C-87D21FDD74C8}.Release|x64.ActiveCfg = Release|x64
		{112C6B8C-E193-448D-8B0C-87D21FDD74C8}.Release|x64.Build.0 = Release|x64
		{112C6B8C-E193-448D-8B0C-87D21FDD74C8}.Release|x86.ActiveCfg = Release|Win32
		{112C6B8C-E193-448D-8B0C-87D21FDD74C8}.Release|x86.Build.0 = Release|Win32
	EndGlobalSection
	GlobalSection(SolutionProperties) = preSolution
		HideSolutionNode = FALSE
	EndGlobalSection
	GlobalSection(ExtensibilityGlobals) = postSolution
		SolutionGuid = {88230184-B208-426E-9ACC-0F136F6B67FC}
	EndGlobalSection
EndGlobal
